
Microsoft Visual Studio Solution File, Format Version 12.00
# Visual Studio Version 16
VisualStudioVersion = 16.0.31702.278
MinimumVisualStudioVersion = 10.0.40219.1
Project("{FAE04EC0-301F-11D3-BF4B-00C04F79EFBC}") = "MovieRating", "MovieRating\MovieRating.csproj", "{57EAFEF2-494D-44FB-8F52-5DB6F8A055C8}"
EndProject
Project("{FAE04EC0-301F-11D3-BF4B-00C04F79EFBC}") = "MovieTOP", "MovieTOP\MovieTOP.csproj", "{A141870A-8B20-43B5-9C75-4DE5A1B042F0}"
EndProject
Global
	GlobalSection(SolutionConfigurationPlatforms) = preSolution
		Debug|Any CPU = Debug|Any CPU
		Release|Any CPU = Release|Any CPU
	EndGlobalSection
	GlobalSection(ProjectConfigurationPlatforms) = postSolution
		{57EAFEF2-494D-44FB-8F52-5DB6F8A055C8}.Debug|Any CPU.ActiveCfg = Debug|Any CPU
		{57EAFEF2-494D-44FB-8F52-5DB6F8A055C8}.Debug|Any CPU.Build.0 = Debug|Any CPU
		{57EAFEF2-494D-44FB-8F52-5DB6F8A055C8}.Release|Any CPU.ActiveCfg = Release|Any CPU
		{57EAFEF2-494D-44FB-8F52-5DB6F8A055C8}.Release|Any CPU.Build.0 = Release|Any CPU
		{A141870A-8B20-43B5-9C75-4DE5A1B042F0}.Debug|Any CPU.ActiveCfg = Debug|Any CPU
		{A141870A-8B20-43B5-9C75-4DE5A1B042F0}.Debug|Any CPU.Build.0 = Debug|Any CPU
		{A141870A-8B20-43B5-9C75-4DE5A1B042F0}.Release|Any CPU.ActiveCfg = Release|Any CPU
		{A141870A-8B20-43B5-9C75-4DE5A1B042F0}.Release|Any CPU.Build.0 = Release|Any CPU
	EndGlobalSection
	GlobalSection(SolutionProperties) = preSolution
		HideSolutionNode = FALSE
	EndGlobalSection
	GlobalSection(ExtensibilityGlobals) = postSolution
		SolutionGuid = {730D3667-3C1E-47DC-8FD3-79D760D8F6E9}
	EndGlobalSection
EndGlobal
